{
  "SprykerShop.CartPage": "1.8.0",
  "SprykerShop.CatalogPage": "1.8.0",
  "SprykerShop.CategoryWidget": "1.1.0",
  "SprykerShop.ChartWidget": "0.2.0",
  "SprykerShop.CmsBlockWidget": "1.2.0",
  "SprykerShop.CmsPage": "1.1.0",
  "SprykerShop.CustomerPage": "2.49.0",
  "SprykerShop.CustomerReorderWidget": "6.13.0",
  "SprykerShop.CustomerValidationPage": "1.0.0",
  "SprykerShop.DateTimeConfiguratorPageExample": "0.2.3",
  "SprykerShop.MoneyWidget": "1.2.0",
  "SprykerShop.ProductBundleWidget": "1.5.0",
  "SprykerShop.ProductConfiguratorGatewayPage": "0.5.1",
  "SprykerShop.SalesReturnPage": "1.4.0",
  "SprykerShop.SessionAgentValidation": "1.0.0",
  "SprykerShop.ShopApplication": "1.5.0",
  "SprykerShop.ShopPermission": "1.2.0",
  "SprykerShop.ShopUi": "1.70.0",
  "Spryker.AppCatalogGui": "1.0.0",
  "Spryker.Application": "3.15.0",
  "Spryker.AssetStorage": "1.2.0",
  "Spryker.AuthenticationOauth": "0.1.0",
  "Spryker.Availability": "9.19.0",
  "Spryker.BarcodeLaminas": "1.0.0",
  "Spryker.Cart": "7.11.0",
  "Spryker.CartsRestApi": "5.19.0",
  "Spryker.Category": "5.15.0",
  "Spryker.CategoryImageStorage": "1.6.0",
  "Spryker.CategoryStorage": "2.7.0",
  "Spryker.CmsContentWidget": "1.5.0",
  "Spryker.Currency": "3.6.0",
  "Spryker.Customer": "7.53.0",
  "Spryker.CustomerAccessStorage": "1.8.0",
  "Spryker.CustomerStorage": "1.0.0",
  "Spryker.Discount": "9.28.0",
  "Spryker.DiscountPromotion": "4.8.0",
  "Spryker.ErrorHandler": "2.8.0",
  "Spryker.EventDispatcher": "1.0.0",
  "Spryker.FileManagerStorage": "2.2.0",
  "Spryker.GiftCard": "1.8.0",
  "Spryker.GlueApplication": "1.42.0",
  "Spryker.GlueBackendApiApplication": "1.1.0",
  "Spryker.GlueBackendApiApplicationAuthorizationConnector": "1.2.0",
  "Spryker.GlueJsonApiConvention": "1.2.0",
  "Spryker.GlueStorefrontApiApplication": "1.1.0",
  "Spryker.GlueStorefrontApiApplicationAuthorizationConnector": "0.2.1",
  "Spryker.Gui": "3.45.0",
  "Spryker.Http": "1.7.2",
  "Spryker.Locale": "3.2.0",
  "Spryker.MessageBroker": "1.4.0",
  "Spryker.Money": "2.10.1",
  "Spryker.MoneyGui": "1.0.0",
  "Spryker.Nopayment": "4.2.0",
  "Spryker.Oauth": "2.7.0",
  "Spryker.OauthApi": "1.1.0",
  "Spryker.OauthAuth0": "1.0.0",
  "Spryker.OauthBackendApi": "1.2.0",
  "Spryker.OauthClient": "1.3.0",
  "Spryker.OauthCustomerValidation": "1.0.0",
  "Spryker.OauthDummy": "1.0.0",
  "Spryker.OauthUserConnector": "0.1.0",
  "Spryker.OauthWarehouse": "0.1.0",
  "Spryker.Payment": "5.15.0",
  "Spryker.PriceCartConnector": "6.9.0",
  "Spryker.PriceProduct": "4.37.0",
  "Spryker.Product": "6.37.0",
  "Spryker.ProductAlternativeStorage": "1.11.0",
  "Spryker.ProductBundle": "7.16.0",
  "Spryker.ProductBundleDiscountConnector": "1.0.0",
  "Spryker.ProductBundleStorage": "1.1.0",
  "Spryker.ProductCategory": "4.18.0",
  "Spryker.ProductConfiguration": "1.1.0",
  "Spryker.ProductConfigurationsPriceProductVolumesRestApi": "0.2.2",
  "Spryker.ProductDiscontinuedStorage": "1.15.0",
  "Spryker.ProductImage": "3.13.0",
  "Spryker.ProductLabelDiscountConnector": "3.1.0",
  "Spryker.ProductLabelSearch": "2.3.0",
  "Spryker.ProductListSearch": "2.6.0",
  "Spryker.ProductListStorage": "1.16.0",
  "Spryker.ProductReview": "2.9.0",
  "Spryker.ProductReviewSearch": "1.9.0",
  "Spryker.PropelOrm": "1.19.0",
  "Spryker.PropelReplicationCache": "1.1.0",
  "Spryker.PublishAndSynchronizeHealthCheckSearch": "1.1.0",
  "Spryker.PublishAndSynchronizeHealthCheckStorage": "1.1.0",
  "Spryker.Quote": "2.19.0",
  "Spryker.Router": "1.0.0",
  "Spryker.SecurityBlocker": "1.2.0",
  "Spryker.SecurityBlockerBackoffice": "1.0.0",
  "Spryker.SecurityBlockerBackofficeGui": "1.0.0",
  "Spryker.SecurityBlockerStorefrontAgent": "1.0.0",
  "Spryker.SecurityBlockerStorefrontCustomer": "1.0.0",
  "Spryker.SecurityGui": "1.5.0",
  "Spryker.Session": "4.15.0",
  "Spryker.SessionRedis": "1.7.0",
  "Spryker.Shipment": "8.17.0",
  "Spryker.ShipmentTypeStorage": "0.1.0",
  "Spryker.Store": "1.23.1",
  "Spryker.TaxProductStorage": "1.3.0",
  "Spryker.TaxStorage": "1.4.0",
  "Spryker.Translator": "1.1.0",
  "Spryker.Twig": "3.4.0",
  "Spryker.User": "3.18.0",
  "Spryker.UserLocale": "1.1.0",
  "Spryker.UtilNumber": "1.0.0",
  "Spryker.Wishlist": "8.7.0",
  "Spryker.ZedNavigation": "1.3.0"
}
